
Microsoft Visual Studio Solution File, Format Version 12.00
# Visual Studio Version 17
VisualStudioVersion = 17.14.36109.1 d17.14
MinimumVisualStudioVersion = 10.0.40219.1
Project("{FAE04EC0-301F-11D3-BF4B-00C04F79EFBC}") = "ConsoleApp1", "ConsoleApp1.csproj", "{D9E377E8-8F3C-4F31-8BAB-B736E3789E36}"
EndProject
Global
	GlobalSection(SolutionConfigurationPlatforms) = preSolution
		Debug|Any CPU = Debug|Any CPU
		Release|Any CPU = Release|Any CPU
	EndGlobalSection
	GlobalSection(ProjectConfigurationPlatforms) = postSolution
		{D9E377E8-8F3C-4F31-8BAB-B736E3789E36}.Debug|Any CPU.ActiveCfg = Debug|Any CPU
		{D9E377E8-8F3C-4F31-8BAB-B736E3789E36}.Debug|Any CPU.Build.0 = Debug|Any CPU
		{D9E377E8-8F3C-4F31-8BAB-B736E3789E36}.Release|Any CPU.ActiveCfg = Release|Any CPU
		{D9E377E8-8F3C-4F31-8BAB-B736E3789E36}.Release|Any CPU.Build.0 = Release|Any CPU
	EndGlobalSection
	GlobalSection(SolutionProperties) = preSolution
		HideSolutionNode = FALSE
	EndGlobalSection
	GlobalSection(ExtensibilityGlobals) = postSolution
		SolutionGuid = {27B14818-ABFD-4382-844E-84C402032A1C}
	EndGlobalSection
EndGlobal
